// !$*UTF8*$!
{
	archiveVersion = 1;
	classes = {
	};
	objectVersion = 46;
	objects = {

/* Begin PBXBuildFile section */
		1DA697711EA00D760068C962 /* AppDelegate.swift in Sources */ = {isa = PBXBuildFile; fileRef = 1DA697701EA00D760068C962 /* AppDelegate.swift */; };
		1DA697731EA00D760068C962 /* ViewController.swift in Sources */ = {isa = PBXBuildFile; fileRef = 1DA697721EA00D760068C962 /* ViewController.swift */; };
		1DA697761EA00D760068C962 /* Main.storyboard in Resources */ = {isa = PBXBuildFile; fileRef = 1DA697741EA00D760068C962 /* Main.storyboard */; };
		1DA697781EA00D770068C962 /* Assets.xcassets in Resources */ = {isa = PBXBuildFile; fileRef = 1DA697771EA00D770068C962 /* Assets.xcassets */; };
		1DA6977B1EA00D770068C962 /* LaunchScreen.storyboard in Resources */ = {isa = PBXBuildFile; fileRef = 1DA697791EA00D770068C962 /* LaunchScreen.storyboard */; };
/* End PBXBuildFile section */

/* Begin PBXFileReference section */
		1DA6976D1EA00D760068C962 /* Magical Grid.app */ = {isa = PBXFileReference; explicitFileType = wrapper.application; includeInIndex = 0; path = "Magical Grid.app"; sourceTree = BUILT_PRODUCTS_DIR; };
		1DA697701EA00D760068C962 /* AppDelegate.swift */ = {isa = PBXFileReference; lastKnownFileType = sourcecode.swift; path = AppDelegate.swift; sourceTree = "<group>"; };
		1DA697721EA00D760068C962 /* ViewController.swift */ = {isa = PBXFileReference; lastKnownFileType = sourcecode.swift; path = ViewController.swift; sourceTree = "<group>"; };
		1DA697751EA00D760068C962 /* Base */ = {isa = PBXFileReference; lastKnownFileType = file.storyboard; name = Base; path = Base.lproj/Main.storyboard; sourceTree = "<group>"; };
		1DA697771EA00D770068C962 /* Assets.xcassets */ = {isa = PBXFileReference; lastKnownFileType = folder.assetcatalog; path = Assets.xcassets; sourceTree = "<group>"; };
		1DA6977A1EA00D770068C962 /* Base */ = {isa = PBXFileReference; lastKnownFileType = file.storyboard; name = Base; path = Base.lproj/LaunchScreen.storyboard; sourceTree = "<group>"; };
		1DA6977C1EA00D770068C962 /* Info.plist */ = {isa = PBXFileReference; lastKnownFileType = text.plist.xml; path = Info.plist; sourceTree = "<group>"; };
/* End PBXFileReference section */

/* Begin PBXFrameworksBuildPhase section */
		1DA6976A1EA00D760068C962 /* Frameworks */ = {
			isa = PBXFrameworksBuildPhase;
			buildActionMask = 2147483647;
			files = (
			);
			runOnlyForDeploymentPostprocessing = 0;
		};
/* End PBXFrameworksBuildPhase section */

/* Begin PBXGroup section */
		1DA697641EA00D750068C962 = {
			isa = PBXGroup;
			children = (
				1DA6976F1EA00D760068C962 /* Magical Grid */,
				1DA6976E1EA00D760068C962 /* Products */,
			);
			sourceTree = "<group>";
		};
		1DA6976E1EA00D760068C962 /* Products */ = {
			isa = PBXGroup;
			children = (
				1DA6976D1EA00D760068C962 /* Magical Grid.app */,
			);
			name = Products;
			sourceTree = "<group>";
		};
		1DA6976F1EA00D760068C962 /* Magical Grid */ = {
			isa = PBXGroup;
			children = (
				1DA697701EA00D760068C962 /* AppDelegate.swift */,
				1DA697721EA00D760068C962 /* ViewController.swift */,
				1DA697741EA00D760068C962 /* Main.storyboard */,
				1DA697771EA00D770068C962 /* Assets.xcassets */,
				1DA697791EA00D770068C962 /* LaunchScreen.storyboard */,
				1DA6977C1EA00D770068C962 /* Info.plist */,
			);
			path = "Magical Grid";
			sourceTree = "<group>";
		};
/* End PBXGroup section */

/* Begin PBXNativeTarget section */
		1DA6976C1EA00D760068C962 /* Magical Grid */ = {
			isa = PBXNativeTarget;
			buildConfigurationList = 1DA6977F1EA00D770068C962 /* Build configuration list for PBXNativeTarget "Magical Grid" */;
			buildPhases = (
				1DA697691EA00D760068C962 /* Sources */,
				1DA6976A1EA00D760068C962 /* Frameworks */,
				1DA6976B1EA00D760068C962 /* Resources */,
			);
			buildRules = (
			);
			dependencies = (
			);
			name = "Magical Grid";
			productName = "Magical Grid";
			productReference = 1DA6976D1EA00D760068C962 /* Magical Grid.app */;
			productType = "com.apple.product-type.application";
		};
/* End PBXNativeTarget section */

/* Begin PBXProject section */
		1DA697651EA00D750068C962 /* Project object */ = {
			isa = PBXProject;
			attributes = {
				LastSwiftUpdateCheck = 0830;
				LastUpgradeCheck = 0830;
				ORGANIZATIONNAME = "Cesare de Cal";
				TargetAttributes = {
					1DA6976C1EA00D760068C962 = {
						CreatedOnToolsVersion = 8.3;
						DevelopmentTeam = G99G8858YN;
						ProvisioningStyle = Automatic;
					};
				};
			};
			buildConfigurationList = 1DA697681EA00D750068C962 /* Build configuration list for PBXProject "Magical Grid" */;
			compatibilityVersion = "Xcode 3.2";
			developmentRegion = English;
			hasScannedForEncodings = 0;
			knownRegions = (
				en,
				Base,
			);
			mainGroup = 1DA697641EA00D750068C962;
			productRefGroup = 1DA6976E1EA00D760068C962 /* Products */;
			projectDirPath = "";
			projectRoot = "";
			targets = (
				1DA6976C1EA00D760068C962 /* Magical Grid */,
			);
		};
/* End PBXProject section */

/* Begin PBXResourcesBuildPhase section */
		1DA6976B1EA00D760068C962 /* Resources */ = {
			isa = PBXResourcesBuildPhase;
			buildActionMask = 2147483647;
			files = (
				1DA6977B1EA00D770068C962 /* LaunchScreen.storyboard in Resources */,
				1DA697781EA00D770068C962 /* Assets.xcassets in Resources */,
				1DA697761EA00D760068C962 /* Main.storyboard in Resources */,
			);
			runOnlyForDeploymentPostprocessing = 0;
		};
/* End PBXResourcesBuildPhase section */

/* Begin PBXSourcesBuildPhase section */
		1DA697691EA00D760068C962 /* Sources */ = {
			isa = PBXSourcesBuildPhase;
			buildActionMask = 2147483647;
			files = (
				1DA697731EA00D760068C962 /* ViewController.swift in Sources */,
				1DA697711EA00D760068C962 /* AppDelegate.swift in Sources */,
			);
			runOnlyForDeploymentPostprocessing = 0;
		};
/* End PBXSourcesBuildPhase section */

/* Begin PBXVariantGroup section */
		1DA697741EA00D760068C962 /* Main.storyboard */ = {
			isa = PBXVariantGroup;
			children = (
				1DA697751EA00D760068C962 /* Base */,
			);
			name = Main.storyboard;
			sourceTree = "<group>";
		};
		1DA697791EA00D770068C962 /* LaunchScreen.storyboard */ = {
			isa = PBXVariantGroup;
			children = (
				1DA6977A1EA00D770068C962 /* Base */,
			);
			name = LaunchScreen.storyboard;
			sourceTree = "<group>";
		};
/* End PBXVariantGroup section */

/* Begin XCBuildConfiguration section */
		1DA6977D1EA00D770068C962 /* Debug */ = {
			isa = XCBuildConfiguration;
			buildSettings = {
				ALWAYS_SEARCH_USER_PATHS = NO;
				CLANG_ANALYZER_NONNULL = YES;
				CLANG_ANALYZER_NUMBER_OBJECT_CONVERSION = YES_AGGRESSIVE;
				CLANG_CXX_LANGUAGE_STANDARD = "gnu++0x";
				CLANG_CXX_LIBRARY = "libc++";
				CLANG_ENABLE_MODULES = YES;
				CLANG_ENABLE_OBJC_ARC = YES;
				CLANG_WARN_BOOL_CONVERSION = YES;
				CLANG_WARN_CONSTANT_CONVERSION = YES;
				CLANG_WARN_DIRECT_OBJC_ISA_USAGE = YES_ERROR;
				CLANG_WARN_DOCUMENTATION_COMMENTS = YES;
				CLANG_WARN_EMPTY_BODY = YES;
				CLANG_WARN_ENUM_CONVERSION = YES;
				CLANG_WARN_INFINITE_RECURSION = YES;
				CLANG_WARN_INT_CONVERSION = YES;
				CLANG_WARN_OBJC_ROOT_CLASS = YES_ERROR;
				CLANG_WARN_SUSPICIOUS_MOVE = YES;
				CLANG_WARN_UNREACHABLE_CODE = YES;
				CLANG_WARN__DUPLICATE_METHOD_MATCH = YES;
				"CODE_SIGN_IDENTITY[sdk=iphoneos*]" = "iPhone Developer";
				COPY_PHASE_STRIP = NO;
				DEBUG_INFORMATION_FORMAT = dwarf;
				ENABLE_STRICT_OBJC_MSGSEND = YES;
				ENABLE_TESTABILITY = YES;
				GCC_C_LANGUAGE_STANDARD = gnu99;
				GCC_DYNAMIC_NO_PIC = NO;
				GCC_NO_COMMON_BLOCKS = YES;
				GCC_OPTIMIZATION_LEVEL = 0;
				GCC_PREPROCESSOR_DEFINITIONS = (
					"DEBUG=1",
					"$(inherited)",
				);
				GCC_WARN_64_TO_32_BIT_CONVERSION = YES;
				GCC_WARN_ABOUT_RETURN_TYPE = YES_ERROR;
				GCC_WARN_UNDECLARED_SELECTOR = YES;
				GCC_WARN_UNINITIALIZED_AUTOS = YES_AGGRESSIVE;
				GCC_WARN_UNUSED_FUNCTION = YES;
				GCC_WARN_UNUSED_VARIABLE = YES;
				IPHONEOS_DEPLOYMENT_TARGET = 10.3;
				MTL_ENABLE_DEBUG_INFO = YES;
				ONLY_ACTIVE_ARCH = YES;
				SDKROOT = iphoneos;
				SWIFT_ACTIVE_COMPILATION_CONDITIONS = DEBUG;
				SWIFT_OPTIMIZATION_LEVEL = "-Onone";
				TARGETED_DEVICE_FAMILY = "1,2";
			};
			name = Debug;
		};
		1DA6977E1EA00D770068C962 /* Release */ = {
			isa = XCBuildConfiguration;
			buildSettings = {
				ALWAYS_SEARCH_USER_PATHS = NO;
				CLANG_ANALYZER_NONNULL = YES;
				CLANG_ANALYZER_NUMBER_OBJECT_CONVERSION = YES_AGGRESSIVE;
				CLANG_CXX_LANGUAGE_STANDARD = "gnu++0x";
				CLANG_CXX_LIBRARY = "libc++";
				CLANG_ENABLE_MODULES = YES;
				CLANG_ENABLE_OBJC_ARC = YES;
				CLANG_WARN_BOOL_CONVERSION = YES;
				CLANG_WARN_CONSTANT_CONVERSION = YES;
				CLANG_WARN_DIRECT_OBJC_ISA_USAGE = YES_ERROR;
				CLANG_WARN_DOCUMENTATION_COMMENTS = YES;
				CLANG_WARN_EMPTY_BODY = YES;
				CLANG_WARN_ENUM_CONVERSION = YES;
				CLANG_WARN_INFINITE_RECURSION = YES;
				CLANG_WARN_INT_CONVERSION = YES;
				CLANG_WARN_OBJC_ROOT_CLASS = YES_ERROR;
				CLANG_WARN_SUSPICIOUS_MOVE = YES;
				CLANG_WARN_UNREACHABLE_CODE = YES;
				CLANG_WARN__DUPLICATE_METHOD_MATCH = YES;
				"CODE_SIGN_IDENTITY[sdk=iphoneos*]" = "iPhone Developer";
				COPY_PHASE_STRIP = NO;
				DEBUG_INFORMATION_FORMAT = "dwarf-with-dsym";
				ENABLE_NS_ASSERTIONS = NO;
				ENABLE_STRICT_OBJC_MSGSEND = YES;
				GCC_C_LANGUAGE_STANDARD = gnu99;
				GCC_NO_COMMON_BLOCKS = YES;
				GCC_WARN_64_TO_32_BIT_CONVERSION = YES;
				GCC_WARN_ABOUT_RETURN_TYPE = YES_ERROR;
				GCC_WARN_UNDECLARED_SELECTOR = YES;
				GCC_WARN_UNINITIALIZED_AUTOS = YES_AGGRESSIVE;
				GCC_WARN_UNUSED_FUNCTION = YES;
				GCC_WARN_UNUSED_VARIABLE = YES;
				IPHONEOS_DEPLOYMENT_TARGET = 10.3;
				MTL_ENABLE_DEBUG_INFO = NO;
				SDKROOT = iphoneos;
				SWIFT_OPTIMIZATION_LEVEL = "-Owholemodule";
				TARGETED_DEVICE_FAMILY = "1,2";
				VALIDATE_PRODUCT = YES;
			};
			name = Release;
		};
		1DA697801EA00D770068C962 /* Debug */ = {
			isa = XCBuildConfiguration;
			buildSettings = {
				ASSETCATALOG_COMPILER_APPICON_NAME = AppIcon;
				DEVELOPMENT_TEAM = G99G8858YN;
				INFOPLIST_FILE = "Magical Grid/Info.plist";
				LD_RUNPATH_SEARCH_PATHS = "$(inherited) @executable_path/Frameworks";
				PRODUCT_BUNDLE_IDENTIFIER = "com.cesaredecal.Magical-Grid";
				PRODUCT_NAME = "$(TARGET_NAME)";
				SWIFT_VERSION = 3.0;
			};
			name = Debug;
		};
		1DA697811EA00D770068C962 /* Release */ = {
			isa = XCBuildConfiguration;
			buildSettings = {
				ASSETCATALOG_COMPILER_APPICON_NAME = AppIcon;
				DEVELOPMENT_TEAM = G99G8858YN;
				INFOPLIST_FILE = "Magical Grid/Info.plist";
				LD_RUNPATH_SEARCH_PATHS = "$(inherited) @executable_path/Frameworks";
				PRODUCT_BUNDLE_IDENTIFIER = "com.cesaredecal.Magical-Grid";
				PRODUCT_NAME = "$(TARGET_NAME)";
				SWIFT_VERSION = 3.0;
			};
			name = Release;
		};
/* End XCBuildConfiguration section */

/* Begin XCConfigurationList section */
		1DA697681EA00D750068C962 /* Build configuration list for PBXProject "Magical Grid" */ = {
			isa = XCConfigurationList;
			buildConfigurations = (
				1DA6977D1EA00D770068C962 /* Debug */,
				1DA6977E1EA00D770068C962 /* Release */,
			);
			defaultConfigurationIsVisible = 0;
			defaultConfigurationName = Release;
		};
		1DA6977F1EA00D770068C962 /* Build configuration list for PBXNativeTarget "Magical Grid" */ = {
			isa = XCConfigurationList;
			buildConfigurations = (
				1DA697801EA00D770068C962 /* Debug */,
				1DA697811EA00D770068C962 /* Release */,
			);
			defaultConfigurationIsVisible = 0;
		};
/* End XCConfigurationList section */
	};
	rootObject = 1DA697651EA00D750068C962 /* Project object */;
}
